
Microsoft Visual Studio Solution File, Format Version 12.00
# Visual Studio Version 16
VisualStudioVersion = 16.0.32630.194
MinimumVisualStudioVersion = 10.0.40219.1
Project("{FAE04EC0-301F-11D3-BF4B-00C04F79EFBC}") = "MetFalsaPosicion", "MetFalsaPosicion.csproj", "{C56C9B9E-7152-4442-B628-470691F78961}"
EndProject
Global
	GlobalSection(SolutionConfigurationPlatforms) = preSolution
		Debug|Any CPU = Debug|Any CPU
		Release|Any CPU = Release|Any CPU
	EndGlobalSection
	GlobalSection(ProjectConfigurationPlatforms) = postSolution
		{C56C9B9E-7152-4442-B628-470691F78961}.Debug|Any CPU.ActiveCfg = Debug|Any CPU
		{C56C9B9E-7152-4442-B628-470691F78961}.Debug|Any CPU.Build.0 = Debug|Any CPU
		{C56C9B9E-7152-4442-B628-470691F78961}.Release|Any CPU.ActiveCfg = Release|Any CPU
		{C56C9B9E-7152-4442-B628-470691F78961}.Release|Any CPU.Build.0 = Release|Any CPU
	EndGlobalSection
	GlobalSection(SolutionProperties) = preSolution
		HideSolutionNode = FALSE
	EndGlobalSection
	GlobalSection(ExtensibilityGlobals) = postSolution
		SolutionGuid = {02E69ED1-5B1F-4ACD-90A6-0A0522AB430A}
	EndGlobalSection
EndGlobal
